<?xml version="1.0" encoding="utf-8"?>
<Project ToolsVersion="4.0" xmlns="http://schemas.microsoft.com/developer/msbuild/2003">
  <ItemGroup>
    <Filter Include="Source Files">
      <UniqueIdentifier>{4FC737F1-C7A5-4376-A066-2A32D752A2FF}</UniqueIdentifier>
      <Extensions>cpp;c;cc;cxx;c++;cppm;ixx;def;odl;idl;hpj;bat;asm;asmx</Extensions>
    </Filter>
    <Filter Include="Header Files">
      <UniqueIdentifier>{93995380-89BD-4b04-88EB-625FBE52EBFB}</UniqueIdentifier>
      <Extensions>h;hh;hpp;hxx;h++;hm;inl;inc;ipp;xsd</Extensions>
    </Filter>
    <Filter Include="Resource Files">
      <UniqueIdentifier>{67DA6AB6-F800-4c08-8B7A-83BB121AAD01}</UniqueIdentifier>
      <Extensions>rc;ico;cur;bmp;dlg;rc2;rct;bin;rgs;gif;jpg;jpeg;jpe;resx;tiff;tif;png;wav;mfcribbon-ms</Extensions>
    </Filter>
  </ItemGroup>
  <ItemGroup>
    <ClInclude Include="include\sead\test.h">
      <Filter>Header Files</Filter>
    </ClInclude>
    <ClInclude Include="include\basis\seadNew.h">
      <Filter>Header Files</Filter>
    </ClInclude>
    <ClInclude Include="include\basis\seadRawPrint.h">
      <Filter>Header Files</Filter>
    </ClInclude>
    <ClInclude Include="include\basis\seadTypes.h">
      <Filter>Header Files</Filter>
    </ClInclude>
    <ClInclude Include="include\container\seadListImpl.h">
      <Filter>Header Files</Filter>
    </ClInclude>
    <ClInclude Include="include\devenv\seadPrintConfig.h">
      <Filter>Header Files</Filter>
    </ClInclude>
    <ClInclude Include="include\prim\seadDelegate.h">
      <Filter>Header Files</Filter>
    </ClInclude>
    <ClInclude Include="include\prim\seadDelegateEventSlot.h">
      <Filter>Header Files</Filter>
    </ClInclude>
    <ClInclude Include="include\heap\seadDisposer.h">
      <Filter>Header Files</Filter>
    </ClInclude>
    <ClInclude Include="include\prim\seadSafeString.h">
      <Filter>Header Files</Filter>
    </ClInclude>
    <ClInclude Include="include\prim\seadStringUtil.h">
      <Filter>Header Files</Filter>
    </ClInclude>
    <ClInclude Include="include\heap\seadHeap.h">
      <Filter>Header Files</Filter>
    </ClInclude>
    <ClInclude Include="include\prim\seadScopedLock.h">
      <Filter>Header Files</Filter>
    </ClInclude>
    <ClInclude Include="include\thread\seadCriticalSection.h">
      <Filter>Header Files</Filter>
    </ClInclude>
    <ClInclude Include="include\prim\seadNamable.h">
      <Filter>Header Files</Filter>
    </ClInclude>
    <ClInclude Include="include\basis\seadAssert.h">
      <Filter>Header Files</Filter>
    </ClInclude>
    <ClInclude Include="include\basis\seadWarning.h">
      <Filter>Header Files</Filter>
    </ClInclude>
    <ClInclude Include="include\devenv\seadAssertConfig.h">
      <Filter>Header Files</Filter>
    </ClInclude>
    <ClInclude Include="include\heap\seadHeapMgr.h">
      <Filter>Header Files</Filter>
    </ClInclude>
    <ClInclude Include="include\prim\seadMemUtil.h">
      <Filter>Header Files</Filter>
    </ClInclude>
    <ClInclude Include="include\container\seadOffsetList.h">
      <Filter>Header Files</Filter>
    </ClInclude>
    <ClInclude Include="include\container\seadTList.h">
      <Filter>Header Files</Filter>
    </ClInclude>
    <ClInclude Include="include\heap\seadArena.h">
      <Filter>Header Files</Filter>
    </ClInclude>
    <ClInclude Include="include\prim\seadPtrUtil.h">
      <Filter>Header Files</Filter>
    </ClInclude>
    <ClInclude Include="include\random\seadRandom.h">
      <Filter>Header Files</Filter>
    </ClInclude>
    <ClInclude Include="include\time\seadTickSpan.h">
      <Filter>Header Files</Filter>
    </ClInclude>
    <ClInclude Include="include\time\seadTickTime.h">
      <Filter>Header Files</Filter>
    </ClInclude>
    <ClInclude Include="include\prim\seadBitFlag.h">
      <Filter>Header Files</Filter>
    </ClInclude>
    <ClInclude Include="include\prim\seadEndian.h">
      <Filter>Header Files</Filter>
    </ClInclude>
    <ClInclude Include="include\prim\win\seadMemUtilWin.hpp">
      <Filter>Header Files</Filter>
    </ClInclude>
    <ClInclude Include="include\thread\seadMessageQueue.h">
      <Filter>Header Files</Filter>
    </ClInclude>
    <ClInclude Include="include\thread\seadThread.h">
      <Filter>Header Files</Filter>
    </ClInclude>
    <ClInclude Include="include\thread\win\seadThreadLocalStorageWin.hpp">
      <Filter>Header Files</Filter>
    </ClInclude>
    <ClInclude Include="include\thread\seadThreadLocalStorage.h">
      <Filter>Header Files</Filter>
    </ClInclude>
    <ClInclude Include="include\container\seadBuffer.h">
      <Filter>Header Files</Filter>
    </ClInclude>
    <ClInclude Include="include\container\seadPtrArray.h">
      <Filter>Header Files</Filter>
    </ClInclude>
    <ClInclude Include="include\container\seadRingBuffer.h">
      <Filter>Header Files</Filter>
    </ClInclude>
    <ClInclude Include="include\thread\seadEvent.h">
      <Filter>Header Files</Filter>
    </ClInclude>
    <ClInclude Include="include\math\seadMathCalcCommon.h">
      <Filter>Header Files</Filter>
    </ClInclude>
    <ClInclude Include="include\math\seadMathCalcCommon.hpp">
      <Filter>Header Files</Filter>
    </ClInclude>
    <ClInclude Include="include\thread\seadAtomic.h">
      <Filter>Header Files</Filter>
    </ClInclude>
    <ClInclude Include="include\framework\seadFramework.h">
      <Filter>Header Files</Filter>
    </ClInclude>
    <ClInclude Include="include\framework\seadTaskBase.h">
      <Filter>Header Files</Filter>
    </ClInclude>
    <ClInclude Include="include\gfx\seadFrameBuffer.h">
      <Filter>Header Files</Filter>
    </ClInclude>
    <ClInclude Include="include\heap\seadMemBlock.h">
      <Filter>Header Files</Filter>
    </ClInclude>
    <ClInclude Include="include\heap\seadExpHeap.h">
      <Filter>Header Files</Filter>
    </ClInclude>
    <ClInclude Include="include\prim\seadRuntimeTypeInfo.h">
      <Filter>Header Files</Filter>
    </ClInclude>
    <ClInclude Include="include\random\seadGlobalRandom.h">
      <Filter>Header Files</Filter>
    </ClInclude>
    <ClInclude Include="include\prim\seadEnum.h">
      <Filter>Header Files</Filter>
    </ClInclude>
    <ClInclude Include="include\stream\seadStream.h">
      <Filter>Header Files</Filter>
    </ClInclude>
    <ClInclude Include="include\stream\seadStreamFormat.h">
      <Filter>Header Files</Filter>
    </ClInclude>
    <ClInclude Include="include\stream\seadStreamSrc.h">
      <Filter>Header Files</Filter>
    </ClInclude>
    <ClInclude Include="include\prim\seadFormatPrint.h">
      <Filter>Header Files</Filter>
    </ClInclude>
    <ClInclude Include="include\prim\seadSafeString.hpp">
      <Filter>Header Files</Filter>
    </ClInclude>
    <ClInclude Include="include\prim\seadFormatPrint.hpp">
      <Filter>Header Files</Filter>
    </ClInclude>
    <ClInclude Include="include\stream\seadBinaryStreamFormat.h">
      <Filter>Header Files</Filter>
    </ClInclude>
    <ClInclude Include="include\stream\seadRamStream.h">
      <Filter>Header Files</Filter>
    </ClInclude>
    <ClInclude Include="include\stream\seadTextStreamFormat.h">
      <Filter>Header Files</Filter>
    </ClInclude>
    <ClInclude Include="include\thread\seadThreadUtil.h">
      <Filter>Header Files</Filter>
    </ClInclude>
    <ClInclude Include="include\stream\seadBufferStream.h">
      <Filter>Header Files</Filter>
    </ClInclude>
    <ClInclude Include="include\stream\seadPrintStream.h">
      <Filter>Header Files</Filter>
    </ClInclude>
    <ClInclude Include="include\thread\seadDelegateThread.h">
      <Filter>Header Files</Filter>
    </ClInclude>
  </ItemGroup>
  <ItemGroup>
    <ClCompile Include="src\basis\seadNew.cpp">
      <Filter>Source Files</Filter>
    </ClCompile>
    <ClCompile Include="src\basis\seadWarning.cpp">
      <Filter>Source Files</Filter>
    </ClCompile>
    <ClCompile Include="src\basis\seadRawPrint.cpp">
      <Filter>Source Files</Filter>
    </ClCompile>
    <ClCompile Include="src\container\seadListImpl.cpp">
      <Filter>Source Files</Filter>
    </ClCompile>
    <ClCompile Include="src\devenv\seadPrintConfig.cpp">
      <Filter>Source Files</Filter>
    </ClCompile>
    <ClCompile Include="src\basis\win\seadRawPrintWin.cpp">
      <Filter>Source Files</Filter>
    </ClCompile>
    <ClCompile Include="src\basis\seadAssert.cpp">
      <Filter>Source Files</Filter>
    </ClCompile>
    <ClCompile Include="src\prim\seadStringUtil.cpp">
      <Filter>Source Files</Filter>
    </ClCompile>
    <ClCompile Include="src\basis\win\seadAssertWin.cpp">
      <Filter>Source Files</Filter>
    </ClCompile>
    <ClCompile Include="src\heap\seadDisposer.cpp">
      <Filter>Source Files</Filter>
    </ClCompile>
    <ClCompile Include="src\heap\seadHeap.cpp">
      <Filter>Source Files</Filter>
    </ClCompile>
    <ClCompile Include="src\devenv\seadAssertConfig.cpp">
      <Filter>Source Files</Filter>
    </ClCompile>
    <ClCompile Include="src\random\seadRandom.cpp">
      <Filter>Source Files</Filter>
    </ClCompile>
    <ClCompile Include="src\time\seadTickSpan.cpp">
      <Filter>Source Files</Filter>
    </ClCompile>
    <ClCompile Include="src\thread\win\seadCriticalSectionWin.cpp">
      <Filter>Source Files</Filter>
    </ClCompile>
    <ClCompile Include="src\heap\win\seadArenaWin.cpp">
      <Filter>Source Files</Filter>
    </ClCompile>
    <ClCompile Include="src\prim\seadBitFlag.cpp">
      <Filter>Source Files</Filter>
    </ClCompile>
    <ClCompile Include="src\prim\seadMemUtil.cpp">
      <Filter>Source Files</Filter>
    </ClCompile>
    <ClCompile Include="src\prim\win\seadMemUtilWin.cpp">
      <Filter>Source Files</Filter>
    </ClCompile>
    <ClCompile Include="src\prim\seadEndian.cpp">
      <Filter>Source Files</Filter>
    </ClCompile>
    <ClCompile Include="src\prim\seadSafeString.cpp">
      <Filter>Source Files</Filter>
    </ClCompile>
    <ClCompile Include="src\heap\seadHeapMgr.cpp">
      <Filter>Source Files</Filter>
    </ClCompile>
    <ClCompile Include="src\thread\seadThread.cpp">
      <Filter>Source Files</Filter>
    </ClCompile>
    <ClCompile Include="src\thread\win\seadEventWin.cpp">
      <Filter>Source Files</Filter>
    </ClCompile>
    <ClCompile Include="src\thread\win\seadMessageQueueWin.cpp">
      <Filter>Source Files</Filter>
    </ClCompile>
    <ClCompile Include="src\container\seadPtrArray.cpp">
      <Filter>Source Files</Filter>
    </ClCompile>
    <ClCompile Include="src\thread\win\seadThreadWin.cpp">
      <Filter>Source Files</Filter>
    </ClCompile>
    <ClCompile Include="src\random\seadGlobalRandom.cpp">
      <Filter>Source Files</Filter>
    </ClCompile>
    <ClCompile Include="src\prim\seadFormatPrint.cpp">
      <Filter>Source Files</Filter>
    </ClCompile>
    <ClCompile Include="src\stream\seadStream.cpp">
      <Filter>Source Files</Filter>
    </ClCompile>
    <ClCompile Include="src\stream\seadBinaryStreamFormat.cpp">
      <Filter>Source Files</Filter>
    </ClCompile>
    <ClCompile Include="src\heap\seadExpHeap.cpp">
      <Filter>Source Files</Filter>
    </ClCompile>
    <ClCompile Include="src\thread\seadThreadUtil.cpp">
      <Filter>Source Files</Filter>
    </ClCompile>
    <ClCompile Include="src\math\seadMathCalcCommon.cpp">
      <Filter>Source Files</Filter>
    </ClCompile>
    <ClCompile Include="src\stream\seadPrintStream.cpp">
      <Filter>Source Files</Filter>
    </ClCompile>
    <ClCompile Include="src\stream\seadBufferStream.cpp">
      <Filter>Source Files</Filter>
    </ClCompile>
    <ClCompile Include="src\thread\seadDelegateThread.cpp">
      <Filter>Source Files</Filter>
    </ClCompile>
    <ClCompile Include="src\framework\seadFramework.cpp">
      <Filter>Source Files</Filter>
    </ClCompile>
  </ItemGroup>
</Project>