<?xml version="1.0" encoding="utf-8"?>
<Project ToolsVersion="4.0" xmlns="http://schemas.microsoft.com/developer/msbuild/2003">
  <ItemGroup>
    <Filter Include="Source Files">
      <UniqueIdentifier>{4FC737F1-C7A5-4376-A066-2A32D752A2FF}</UniqueIdentifier>
      <Extensions>cpp;c;cc;cxx;c++;cppm;ixx;def;odl;idl;hpj;bat;asm;asmx</Extensions>
    </Filter>
    <Filter Include="Header Files">
      <UniqueIdentifier>{93995380-89BD-4b04-88EB-625FBE52EBFB}</UniqueIdentifier>
      <Extensions>h;hh;hpp;hxx;h++;hm;inl;inc;ipp;xsd</Extensions>
    </Filter>
    <Filter Include="Resource Files">
      <UniqueIdentifier>{67DA6AB6-F800-4c08-8B7A-83BB121AAD01}</UniqueIdentifier>
      <Extensions>rc;ico;cur;bmp;dlg;rc2;rct;bin;rgs;gif;jpg;jpeg;jpe;resx;tiff;tif;png;wav;mfcribbon-ms</Extensions>
    </Filter>
  </ItemGroup>
  <ItemGroup>
    <ClInclude Include="include\sead\test.h">
      <Filter>Header Files</Filter>
    </ClInclude>
    <ClInclude Include="include\basis\seadNew.h">
      <Filter>Header Files</Filter>
    </ClInclude>
    <ClInclude Include="include\basis\seadRawPrint.h">
      <Filter>Header Files</Filter>
    </ClInclude>
    <ClInclude Include="include\basis\seadTypes.h">
      <Filter>Header Files</Filter>
    </ClInclude>
    <ClInclude Include="include\container\seadListImpl.h">
      <Filter>Header Files</Filter>
    </ClInclude>
    <ClInclude Include="include\devenv\seadPrintConfig.h">
      <Filter>Header Files</Filter>
    </ClInclude>
    <ClInclude Include="include\prim\seadDelegate.h">
      <Filter>Header Files</Filter>
    </ClInclude>
    <ClInclude Include="include\prim\seadDelegateEventSlot.h">
      <Filter>Header Files</Filter>
    </ClInclude>
    <ClInclude Include="include\heap\seadDisposer.h">
      <Filter>Header Files</Filter>
    </ClInclude>
    <ClInclude Include="include\prim\seadSafeString.h">
      <Filter>Header Files</Filter>
    </ClInclude>
    <ClInclude Include="include\prim\seadStringUtil.h">
      <Filter>Header Files</Filter>
    </ClInclude>
    <ClInclude Include="include\heap\seadHeap.h">
      <Filter>Header Files</Filter>
    </ClInclude>
    <ClInclude Include="include\prim\seadScopedLock.h">
      <Filter>Header Files</Filter>
    </ClInclude>
    <ClInclude Include="include\thread\seadCriticalSection.h">
      <Filter>Header Files</Filter>
    </ClInclude>
    <ClInclude Include="include\prim\seadNamable.h">
      <Filter>Header Files</Filter>
    </ClInclude>
    <ClInclude Include="include\basis\seadAssert.h">
      <Filter>Header Files</Filter>
    </ClInclude>
    <ClInclude Include="include\basis\seadWarning.h">
      <Filter>Header Files</Filter>
    </ClInclude>
    <ClInclude Include="include\devenv\seadAssertConfig.h">
      <Filter>Header Files</Filter>
    </ClInclude>
    <ClInclude Include="include\heap\seadHeapMgr.h">
      <Filter>Header Files</Filter>
    </ClInclude>
    <ClInclude Include="include\prim\seadMemUtil.h">
      <Filter>Header Files</Filter>
    </ClInclude>
    <ClInclude Include="include\container\seadOffsetList.h">
      <Filter>Header Files</Filter>
    </ClInclude>
    <ClInclude Include="include\container\seadTList.h">
      <Filter>Header Files</Filter>
    </ClInclude>
    <ClInclude Include="include\heap\seadArena.h">
      <Filter>Header Files</Filter>
    </ClInclude>
    <ClInclude Include="include\prim\seadPtrUtil.h">
      <Filter>Header Files</Filter>
    </ClInclude>
    <ClInclude Include="include\random\seadRandom.h">
      <Filter>Header Files</Filter>
    </ClInclude>
    <ClInclude Include="include\time\seadTickSpan.h">
      <Filter>Header Files</Filter>
    </ClInclude>
    <ClInclude Include="include\time\seadTickTime.h">
      <Filter>Header Files</Filter>
    </ClInclude>
    <ClInclude Include="include\prim\seadBitFlag.h">
      <Filter>Header Files</Filter>
    </ClInclude>
    <ClInclude Include="include\prim\seadEndian.h">
      <Filter>Header Files</Filter>
    </ClInclude>
    <ClInclude Include="include\prim\win\seadMemUtilWin.hpp">
      <Filter>Header Files</Filter>
    </ClInclude>
    <ClInclude Include="include\thread\seadMessageQueue.h">
      <Filter>Header Files</Filter>
    </ClInclude>
    <ClInclude Include="include\thread\seadThread.h">
      <Filter>Header Files</Filter>
    </ClInclude>
    <ClInclude Include="include\thread\win\seadThreadLocalStorageWin.hpp">
      <Filter>Header Files</Filter>
    </ClInclude>
    <ClInclude Include="include\thread\seadThreadLocalStorage.h">
      <Filter>Header Files</Filter>
    </ClInclude>
    <ClInclude Include="include\container\seadBuffer.h">
      <Filter>Header Files</Filter>
    </ClInclude>
    <ClInclude Include="include\container\seadPtrArray.h">
      <Filter>Header Files</Filter>
    </ClInclude>
    <ClInclude Include="include\container\seadRingBuffer.h">
      <Filter>Header Files</Filter>
    </ClInclude>
    <ClInclude Include="include\thread\seadEvent.h">
      <Filter>Header Files</Filter>
    </ClInclude>
    <ClInclude Include="include\math\seadMathCalcCommon.h">
      <Filter>Header Files</Filter>
    </ClInclude>
    <ClInclude Include="include\math\seadMathCalcCommon.hpp">
      <Filter>Header Files</Filter>
    </ClInclude>
    <ClInclude Include="include\thread\seadAtomic.h">
      <Filter>Header Files</Filter>
    </ClInclude>
    <ClInclude Include="include\framework\seadFramework.h">
      <Filter>Header Files</Filter>
    </ClInclude>
    <ClInclude Include="include\framework\seadTaskBase.h">
      <Filter>Header Files</Filter>
    </ClInclude>
    <ClInclude Include="include\gfx\seadFrameBuffer.h">
      <Filter>Header Files</Filter>
    </ClInclude>
    <ClInclude Include="include\heap\seadMemBlock.h">
      <Filter>Header Files</Filter>
    </ClInclude>
    <ClInclude Include="include\heap\seadExpHeap.h">
      <Filter>Header Files</Filter>
    </ClInclude>
    <ClInclude Include="include\prim\seadRuntimeTypeInfo.h">
      <Filter>Header Files</Filter>
    </ClInclude>
    <ClInclude Include="include\random\seadGlobalRandom.h">
      <Filter>Header Files</Filter>
    </ClInclude>
    <ClInclude Include="include\prim\seadEnum.h">
      <Filter>Header Files</Filter>
    </ClInclude>
    <ClInclude Include="include\stream\seadStream.h">
      <Filter>Header Files</Filter>
    </ClInclude>
    <ClInclude Include="include\stream\seadStreamFormat.h">
      <Filter>Header Files</Filter>
    </ClInclude>
    <ClInclude Include="include\stream\seadStreamSrc.h">
      <Filter>Header Files</Filter>
    </ClInclude>
    <ClInclude Include="include\prim\seadFormatPrint.h">
      <Filter>Header Files</Filter>
    </ClInclude>
    <ClInclude Include="include\prim\seadSafeString.hpp">
      <Filter>Header Files</Filter>
    </ClInclude>
    <ClInclude Include="include\prim\seadFormatPrint.hpp">
      <Filter>Header Files</Filter>
    </ClInclude>
    <ClInclude Include="include\stream\seadBinaryStreamFormat.h">
      <Filter>Header Files</Filter>
    </ClInclude>
    <ClInclude Include="include\stream\seadRamStream.h">
      <Filter>Header Files</Filter>
    </ClInclude>
    <ClInclude Include="include\stream\seadTextStreamFormat.h">
      <Filter>Header Files</Filter>
    </ClInclude>
    <ClInclude Include="include\thread\seadThreadUtil.h">
      <Filter>Header Files</Filter>
    </ClInclude>
    <ClInclude Include="include\stream\seadBufferStream.h">
      <Filter>Header Files</Filter>
    </ClInclude>
    <ClInclude Include="include\stream\seadPrintStream.h">
      <Filter>Header Files</Filter>
    </ClInclude>
    <ClInclude Include="include\thread\seadDelegateThread.h">
      <Filter>Header Files</Filter>
    </ClInclude>
    <ClInclude Include="include\container\seadTreeNode.h">
      <Filter>Header Files</Filter>
    </ClInclude>
    <ClInclude Include="include\framework\seadTaskMgr.h">
      <Filter>Header Files</Filter>
    </ClInclude>
    <ClInclude Include="include\framework\seadTaskID.h">
      <Filter>Header Files</Filter>
    </ClInclude>
    <ClInclude Include="include\framework\seadMethodTree.h">
      <Filter>Header Files</Filter>
    </ClInclude>
    <ClInclude Include="include\framework\seadMethodTreeMgr.h">
      <Filter>Header Files</Filter>
    </ClInclude>
    <ClInclude Include="include\container\seadFreeList.h">
      <Filter>Header Files</Filter>
    </ClInclude>
    <ClInclude Include="include\framework\seadGameFramework.h">
      <Filter>Header Files</Filter>
    </ClInclude>
    <ClInclude Include="include\framework\seadHeapPolicies.h">
      <Filter>Header Files</Filter>
    </ClInclude>
    <ClInclude Include="include\framework\seadTaskEvent.h">
      <Filter>Header Files</Filter>
    </ClInclude>
    <ClInclude Include="include\framework\seadTaskParameter.h">
      <Filter>Header Files</Filter>
    </ClInclude>
    <ClInclude Include="include\framework\seadFaderTask.h">
      <Filter>Header Files</Filter>
    </ClInclude>
    <ClInclude Include="include\container\seadObjList.h">
      <Filter>Header Files</Filter>
    </ClInclude>
    <ClInclude Include="include\resource\seadResourceMgr.h">
      <Filter>Header Files</Filter>
    </ClInclude>
    <ClInclude Include="include\framework\seadSingleScreenMethodTreeMgr.h">
      <Filter>Header Files</Filter>
    </ClInclude>
    <ClInclude Include="include\framework\win\seadConsoleFrameworkWin.h">
      <Filter>Header Files</Filter>
    </ClInclude>
    <ClInclude Include="include\framework\seadCalculateTask.h">
      <Filter>Header Files</Filter>
    </ClInclude>
    <ClInclude Include="include\framework\seadTask.h">
      <Filter>Header Files</Filter>
    </ClInclude>
    <ClInclude Include="include\framework\seadProcessMeter.h">
      <Filter>Header Files</Filter>
    </ClInclude>
    <ClInclude Include="include\framework\seadProcessMeterBar.h">
      <Filter>Header Files</Filter>
    </ClInclude>
    <ClInclude Include="include\gfx\seadGraphics.h">
      <Filter>Header Files</Filter>
    </ClInclude>
    <ClInclude Include="include\filedevice\seadFileDevice.h">
      <Filter>Header Files</Filter>
    </ClInclude>
    <ClInclude Include="include\filedevice\seadFileDeviceMgr.h">
      <Filter>Header Files</Filter>
    </ClInclude>
    <ClInclude Include="include\filedevice\seadMainFileDevice.h">
      <Filter>Header Files</Filter>
    </ClInclude>
    <ClInclude Include="include\gfx\seadColor.h">
      <Filter>Header Files</Filter>
    </ClInclude>
    <ClInclude Include="include\gfx\seadCamera.h">
      <Filter>Header Files</Filter>
    </ClInclude>
    <ClInclude Include="include\gfx\seadGraphicsContext.h">
      <Filter>Header Files</Filter>
    </ClInclude>
    <ClInclude Include="include\gfx\seadProjection.h">
      <Filter>Header Files</Filter>
    </ClInclude>
    <ClInclude Include="include\gfx\seadTexture.h">
      <Filter>Header Files</Filter>
    </ClInclude>
    <ClInclude Include="include\gfx\seadViewport.h">
      <Filter>Header Files</Filter>
    </ClInclude>
    <ClInclude Include="include\math\seadMathBase.h">
      <Filter>Header Files</Filter>
    </ClInclude>
    <ClInclude Include="include\math\seadMathPolicies.h">
      <Filter>Header Files</Filter>
    </ClInclude>
    <ClInclude Include="include\math\seadVector.h">
      <Filter>Header Files</Filter>
    </ClInclude>
    <ClInclude Include="include\math\seadVectorCalcCommon.h">
      <Filter>Header Files</Filter>
    </ClInclude>
    <ClInclude Include="include\math\seadBoundBox.h">
      <Filter>Header Files</Filter>
    </ClInclude>
    <ClInclude Include="include\geom\seadLine.h">
      <Filter>Header Files</Filter>
    </ClInclude>
    <ClInclude Include="include\math\seadMatrix.h">
      <Filter>Header Files</Filter>
    </ClInclude>
    <ClInclude Include="include\math\seadMatrixCalcCommon.h">
      <Filter>Header Files</Filter>
    </ClInclude>
    <ClInclude Include="include\gfx\seadDrawContext.h">
      <Filter>Header Files</Filter>
    </ClInclude>
    <ClInclude Include="include\gfx\seadDrawLockContext.h">
      <Filter>Header Files</Filter>
    </ClInclude>
    <ClInclude Include="include\framework\seadInfLoopChecker.h">
      <Filter>Header Files</Filter>
    </ClInclude>
    <ClInclude Include="include\framework\seadInfLoopCheckerThread.h">
      <Filter>Header Files</Filter>
    </ClInclude>
    <ClInclude Include="include\container\seadSafeArray.h">
      <Filter>Header Files</Filter>
    </ClInclude>
    <ClInclude Include="include\gfx\seadPrimitiveDrawer.h">
      <Filter>Header Files</Filter>
    </ClInclude>
    <ClInclude Include="include\framework\win\seadGameFrameworkBaseWin.h">
      <Filter>Header Files</Filter>
    </ClInclude>
    <ClInclude Include="include\framework\win\seadGameFrameworkWinGL.h">
      <Filter>Header Files</Filter>
    </ClInclude>
    <ClInclude Include="include\gfx\gl\seadGraphicsGL.h">
      <Filter>Header Files</Filter>
    </ClInclude>
    <ClInclude Include="include\basis\seadDefines.h">
      <Filter>Header Files</Filter>
    </ClInclude>
    <ClInclude Include="include\gfx\gl\seadTextureFrameBufferGL.h">
      <Filter>Header Files</Filter>
    </ClInclude>
    <ClInclude Include="include\gfx\gl\seadTextureGL.h">
      <Filter>Header Files</Filter>
    </ClInclude>
    <ClInclude Include="include\gfx\seadTextureUtil.h">
      <Filter>Header Files</Filter>
    </ClInclude>
    <ClInclude Include="include\gfx\gl\seadPrimitiveDrawMgrGL.h">
      <Filter>Header Files</Filter>
    </ClInclude>
    <ClInclude Include="include\gfx\seadPrimitiveDrawMgrBase.h">
      <Filter>Header Files</Filter>
    </ClInclude>
    <ClInclude Include="include\gfx\seadPrimitiveDrawUtil.h">
      <Filter>Header Files</Filter>
    </ClInclude>
    <ClInclude Include="include\gfx\seadPrimitiveRenderer.h">
      <Filter>Header Files</Filter>
    </ClInclude>
    <ClInclude Include="include\math\seadBoundBox.hpp">
      <Filter>Header Files</Filter>
    </ClInclude>
    <ClInclude Include="include\math\seadMatrix.hpp">
      <Filter>Header Files</Filter>
    </ClInclude>
    <ClInclude Include="include\math\seadMatrixCalcCommon.hpp">
      <Filter>Header Files</Filter>
    </ClInclude>
    <ClInclude Include="include\math\seadVector.hpp">
      <Filter>Header Files</Filter>
    </ClInclude>
    <ClInclude Include="include\math\seadVectorCalcCommon.hpp">
      <Filter>Header Files</Filter>
    </ClInclude>
    <ClInclude Include="include\gfx\seadTextWriter.h">
      <Filter>Header Files</Filter>
    </ClInclude>
    <ClInclude Include="include\gfx\seadFontBase.h">
      <Filter>Header Files</Filter>
    </ClInclude>
    <ClInclude Include="include\controller\seadControllerDefine.h">
      <Filter>Header Files</Filter>
    </ClInclude>
    <ClInclude Include="include\controller\seadControllerMgr.h">
      <Filter>Header Files</Filter>
    </ClInclude>
    <ClInclude Include="include\math\seadQuat.h">
      <Filter>Header Files</Filter>
    </ClInclude>
    <ClInclude Include="include\math\seadQuat.hpp">
      <Filter>Header Files</Filter>
    </ClInclude>
    <ClInclude Include="include\math\seadQuatCalcCommon.h">
      <Filter>Header Files</Filter>
    </ClInclude>
    <ClInclude Include="include\math\seadQuatCalcCommon.hpp">
      <Filter>Header Files</Filter>
    </ClInclude>
    <ClInclude Include="include\gfx\gl\seadDebugFontMgrGL.h">
      <Filter>Header Files</Filter>
    </ClInclude>
    <ClInclude Include="include\controller\seadControlDevice.h">
      <Filter>Header Files</Filter>
    </ClInclude>
    <ClInclude Include="include\controller\seadController.h">
      <Filter>Header Files</Filter>
    </ClInclude>
    <ClInclude Include="include\controller\seadControllerBase.h">
      <Filter>Header Files</Filter>
    </ClInclude>
    <ClInclude Include="include\controller\win\seadKeyboardMouseDeviceWin.h">
      <Filter>Header Files</Filter>
    </ClInclude>
    <ClInclude Include="include\controller\seadControllerAddon.h">
      <Filter>Header Files</Filter>
    </ClInclude>
    <ClInclude Include="include\controller\seadControllerWrapperBase.h">
      <Filter>Header Files</Filter>
    </ClInclude>
    <ClInclude Include="include\controller\seadControllerWrapper.h">
      <Filter>Header Files</Filter>
    </ClInclude>
    <ClInclude Include="include\controller\win\seadWinControllerWin.h">
      <Filter>Header Files</Filter>
    </ClInclude>
    <ClInclude Include="include\basis\win\seadWindows.h">
      <Filter>Header Files</Filter>
    </ClInclude>
    <ClInclude Include="include\controller\win\seadWinJoyPadDeviceWin.h">
      <Filter>Header Files</Filter>
    </ClInclude>
    <ClInclude Include="include\devenv\seadSeadMenuMgr.h">
      <Filter>Header Files</Filter>
    </ClInclude>
    <ClInclude Include="include\filedevice\seadPath.h">
      <Filter>Header Files</Filter>
    </ClInclude>
    <ClInclude Include="include\filedevice\win\seadWinFileDeviceWin.h">
      <Filter>Header Files</Filter>
    </ClInclude>
    <ClInclude Include="include\gfx\gl\seadGL.h">
      <Filter>Header Files</Filter>
    </ClInclude>
    <ClInclude Include="include\stream\seadFileDeviceStream.h">
      <Filter>Header Files</Filter>
    </ClInclude>
    <ClInclude Include="include\filedevice\win\seadWinContentFileDeviceWin.h">
      <Filter>Header Files</Filter>
    </ClInclude>
    <ClInclude Include="include\filedevice\win\seadWinNativeFileDeviceWin.h">
      <Filter>Header Files</Filter>
    </ClInclude>
    <ClInclude Include="include\heap\seadUnboundHeap.h">
      <Filter>Header Files</Filter>
    </ClInclude>
    <ClInclude Include="include\heap\seadFrameHeap.h">
      <Filter>Header Files</Filter>
    </ClInclude>
  </ItemGroup>
  <ItemGroup>
    <ClCompile Include="src\basis\seadNew.cpp">
      <Filter>Source Files</Filter>
    </ClCompile>
    <ClCompile Include="src\basis\seadWarning.cpp">
      <Filter>Source Files</Filter>
    </ClCompile>
    <ClCompile Include="src\basis\seadRawPrint.cpp">
      <Filter>Source Files</Filter>
    </ClCompile>
    <ClCompile Include="src\container\seadListImpl.cpp">
      <Filter>Source Files</Filter>
    </ClCompile>
    <ClCompile Include="src\devenv\seadPrintConfig.cpp">
      <Filter>Source Files</Filter>
    </ClCompile>
    <ClCompile Include="src\basis\win\seadRawPrintWin.cpp">
      <Filter>Source Files</Filter>
    </ClCompile>
    <ClCompile Include="src\basis\seadAssert.cpp">
      <Filter>Source Files</Filter>
    </ClCompile>
    <ClCompile Include="src\prim\seadStringUtil.cpp">
      <Filter>Source Files</Filter>
    </ClCompile>
    <ClCompile Include="src\basis\win\seadAssertWin.cpp">
      <Filter>Source Files</Filter>
    </ClCompile>
    <ClCompile Include="src\heap\seadDisposer.cpp">
      <Filter>Source Files</Filter>
    </ClCompile>
    <ClCompile Include="src\heap\seadHeap.cpp">
      <Filter>Source Files</Filter>
    </ClCompile>
    <ClCompile Include="src\devenv\seadAssertConfig.cpp">
      <Filter>Source Files</Filter>
    </ClCompile>
    <ClCompile Include="src\random\seadRandom.cpp">
      <Filter>Source Files</Filter>
    </ClCompile>
    <ClCompile Include="src\time\seadTickSpan.cpp">
      <Filter>Source Files</Filter>
    </ClCompile>
    <ClCompile Include="src\thread\win\seadCriticalSectionWin.cpp">
      <Filter>Source Files</Filter>
    </ClCompile>
    <ClCompile Include="src\heap\win\seadArenaWin.cpp">
      <Filter>Source Files</Filter>
    </ClCompile>
    <ClCompile Include="src\prim\seadBitFlag.cpp">
      <Filter>Source Files</Filter>
    </ClCompile>
    <ClCompile Include="src\prim\seadMemUtil.cpp">
      <Filter>Source Files</Filter>
    </ClCompile>
    <ClCompile Include="src\prim\win\seadMemUtilWin.cpp">
      <Filter>Source Files</Filter>
    </ClCompile>
    <ClCompile Include="src\prim\seadEndian.cpp">
      <Filter>Source Files</Filter>
    </ClCompile>
    <ClCompile Include="src\prim\seadSafeString.cpp">
      <Filter>Source Files</Filter>
    </ClCompile>
    <ClCompile Include="src\heap\seadHeapMgr.cpp">
      <Filter>Source Files</Filter>
    </ClCompile>
    <ClCompile Include="src\thread\seadThread.cpp">
      <Filter>Source Files</Filter>
    </ClCompile>
    <ClCompile Include="src\thread\win\seadEventWin.cpp">
      <Filter>Source Files</Filter>
    </ClCompile>
    <ClCompile Include="src\thread\win\seadMessageQueueWin.cpp">
      <Filter>Source Files</Filter>
    </ClCompile>
    <ClCompile Include="src\container\seadPtrArray.cpp">
      <Filter>Source Files</Filter>
    </ClCompile>
    <ClCompile Include="src\thread\win\seadThreadWin.cpp">
      <Filter>Source Files</Filter>
    </ClCompile>
    <ClCompile Include="src\random\seadGlobalRandom.cpp">
      <Filter>Source Files</Filter>
    </ClCompile>
    <ClCompile Include="src\prim\seadFormatPrint.cpp">
      <Filter>Source Files</Filter>
    </ClCompile>
    <ClCompile Include="src\stream\seadStream.cpp">
      <Filter>Source Files</Filter>
    </ClCompile>
    <ClCompile Include="src\stream\seadBinaryStreamFormat.cpp">
      <Filter>Source Files</Filter>
    </ClCompile>
    <ClCompile Include="src\heap\seadExpHeap.cpp">
      <Filter>Source Files</Filter>
    </ClCompile>
    <ClCompile Include="src\thread\seadThreadUtil.cpp">
      <Filter>Source Files</Filter>
    </ClCompile>
    <ClCompile Include="src\math\seadMathCalcCommon.cpp">
      <Filter>Source Files</Filter>
    </ClCompile>
    <ClCompile Include="src\stream\seadPrintStream.cpp">
      <Filter>Source Files</Filter>
    </ClCompile>
    <ClCompile Include="src\stream\seadBufferStream.cpp">
      <Filter>Source Files</Filter>
    </ClCompile>
    <ClCompile Include="src\thread\seadDelegateThread.cpp">
      <Filter>Source Files</Filter>
    </ClCompile>
    <ClCompile Include="src\framework\seadFramework.cpp">
      <Filter>Source Files</Filter>
    </ClCompile>
    <ClCompile Include="src\container\seadTreeNode.cpp">
      <Filter>Source Files</Filter>
    </ClCompile>
    <ClCompile Include="src\framework\seadMethodTree.cpp">
      <Filter>Source Files</Filter>
    </ClCompile>
    <ClCompile Include="src\framework\seadMethodTreeMgr.cpp">
      <Filter>Source Files</Filter>
    </ClCompile>
    <ClCompile Include="src\framework\seadTaskMgr.cpp">
      <Filter>Source Files</Filter>
    </ClCompile>
    <ClCompile Include="src\framework\seadTaskBase.cpp">
      <Filter>Source Files</Filter>
    </ClCompile>
    <ClCompile Include="src\framework\seadTaskID.cpp">
      <Filter>Source Files</Filter>
    </ClCompile>
    <ClCompile Include="src\framework\seadFaderTask.cpp">
      <Filter>Source Files</Filter>
    </ClCompile>
    <ClCompile Include="src\framework\seadSingleScreenMethodTreeMgr.cpp">
      <Filter>Source Files</Filter>
    </ClCompile>
    <ClCompile Include="src\framework\win\seadConsoleFrameworkWin.cpp">
      <Filter>Source Files</Filter>
    </ClCompile>
    <ClCompile Include="src\framework\seadCalculateTask.cpp">
      <Filter>Source Files</Filter>
    </ClCompile>
    <ClCompile Include="src\framework\seadTask.cpp">
      <Filter>Source Files</Filter>
    </ClCompile>
    <ClCompile Include="src\framework\seadGameFramework.cpp">
      <Filter>Source Files</Filter>
    </ClCompile>
    <ClCompile Include="src\gfx\seadGraphics.cpp">
      <Filter>Source Files</Filter>
    </ClCompile>
    <ClCompile Include="src\gfx\seadFrameBuffer.cpp">
      <Filter>Source Files</Filter>
    </ClCompile>
    <ClCompile Include="src\gfx\seadViewport.cpp">
      <Filter>Source Files</Filter>
    </ClCompile>
    <ClCompile Include="src\gfx\seadDrawLockContext.cpp">
      <Filter>Source Files</Filter>
    </ClCompile>
    <ClCompile Include="src\framework\seadProcessMeterBar.cpp">
      <Filter>Source Files</Filter>
    </ClCompile>
    <ClCompile Include="src\gfx\seadColor.cpp">
      <Filter>Source Files</Filter>
    </ClCompile>
    <ClCompile Include="src\framework\seadProcessMeter.cpp">
      <Filter>Source Files</Filter>
    </ClCompile>
    <ClCompile Include="src\framework\win\seadGameFrameworkBaseWin.cpp">
      <Filter>Source Files</Filter>
    </ClCompile>
    <ClCompile Include="src\framework\win\seadGameFrameworkWinGL.cpp">
      <Filter>Source Files</Filter>
    </ClCompile>
    <ClCompile Include="src\gfx\gl\seadTextureFrameBufferGL.cpp">
      <Filter>Source Files</Filter>
    </ClCompile>
    <ClCompile Include="src\gfx\gl\seadTextureUtilGL.cpp">
      <Filter>Source Files</Filter>
    </ClCompile>
    <ClCompile Include="src\gfx\seadGraphicsContext.cpp">
      <Filter>Source Files</Filter>
    </ClCompile>
    <ClCompile Include="src\gfx\seadCamera.cpp">
      <Filter>Source Files</Filter>
    </ClCompile>
    <ClCompile Include="src\gfx\seadProjection.cpp">
      <Filter>Source Files</Filter>
    </ClCompile>
    <ClCompile Include="src\framework\seadInfLoopChecker.cpp">
      <Filter>Source Files</Filter>
    </ClCompile>
    <ClCompile Include="src\framework\seadInfLoopCheckerThread.cpp">
      <Filter>Source Files</Filter>
    </ClCompile>
    <ClCompile Include="src\gfx\seadPrimitiveDrawer.cpp">
      <Filter>Source Files</Filter>
    </ClCompile>
    <ClCompile Include="src\gfx\seadPrimitiveRenderer.cpp">
      <Filter>Source Files</Filter>
    </ClCompile>
    <ClCompile Include="src\gfx\gl\seadPrimitiveDrawMgrGL.cpp">
      <Filter>Source Files</Filter>
    </ClCompile>
    <ClCompile Include="src\math\seadMatrix.cpp">
      <Filter>Source Files</Filter>
    </ClCompile>
    <ClCompile Include="src\gfx\seadPrimitiveDrawUtil.cpp">
      <Filter>Source Files</Filter>
    </ClCompile>
    <ClCompile Include="src\math\seadVector.cpp">
      <Filter>Source Files</Filter>
    </ClCompile>
    <ClCompile Include="src\gfx\seadTextWriter.cpp">
      <Filter>Source Files</Filter>
    </ClCompile>
    <ClCompile Include="src\gfx\gl\seadGraphicsGL.cpp">
      <Filter>Source Files</Filter>
    </ClCompile>
    <ClCompile Include="src\math\seadQuat.cpp">
      <Filter>Source Files</Filter>
    </ClCompile>
    <ClCompile Include="src\gfx\gl\seadDebugFontMgrGL.cpp">
      <Filter>Source Files</Filter>
    </ClCompile>
    <ClCompile Include="src\controller\seadControllerMgr.cpp">
      <Filter>Source Files</Filter>
    </ClCompile>
    <ClCompile Include="src\controller\seadController.cpp">
      <Filter>Source Files</Filter>
    </ClCompile>
    <ClCompile Include="src\controller\seadControllerBase.cpp">
      <Filter>Source Files</Filter>
    </ClCompile>
    <ClCompile Include="src\controller\win\seadKeyboardMouseDeviceWin.cpp">
      <Filter>Source Files</Filter>
    </ClCompile>
    <ClCompile Include="src\controller\seadControllerWrapperBase.cpp">
      <Filter>Source Files</Filter>
    </ClCompile>
    <ClCompile Include="src\controller\seadControllerWrapper.cpp">
      <Filter>Source Files</Filter>
    </ClCompile>
    <ClCompile Include="src\controller\win\seadWinControllerWin.cpp">
      <Filter>Source Files</Filter>
    </ClCompile>
    <ClCompile Include="src\controller\win\seadWinJoyPadDeviceWin.cpp">
      <Filter>Source Files</Filter>
    </ClCompile>
    <ClCompile Include="src\filedevice\seadFileDeviceMgr.cpp">
      <Filter>Source Files</Filter>
    </ClCompile>
    <ClCompile Include="src\devenv\seadSeadMenuMgr.cpp">
      <Filter>Source Files</Filter>
    </ClCompile>
    <ClCompile Include="src\filedevice\seadFileDevice.cpp">
      <Filter>Source Files</Filter>
    </ClCompile>
    <ClCompile Include="src\filedevice\seadMainFileDevice.cpp">
      <Filter>Source Files</Filter>
    </ClCompile>
    <ClCompile Include="src\filedevice\seadPath.cpp">
      <Filter>Source Files</Filter>
    </ClCompile>
    <ClCompile Include="src\filedevice\win\seadWinFileDeviceWin.cpp">
      <Filter>Source Files</Filter>
    </ClCompile>
    <ClCompile Include="src\stream\seadFileDeviceStream.cpp">
      <Filter>Source Files</Filter>
    </ClCompile>
    <ClCompile Include="src\filedevice\win\seadWinContentFileDeviceWin.cpp">
      <Filter>Source Files</Filter>
    </ClCompile>
    <ClCompile Include="src\filedevice\win\seadWinNativeFileDeviceWin.cpp">
      <Filter>Source Files</Filter>
    </ClCompile>
    <ClCompile Include="src\heap\seadUnboundHeap.cpp">
      <Filter>Source Files</Filter>
    </ClCompile>
    <ClCompile Include="src\heap\seadFrameHeap.cpp">
      <Filter>Source Files</Filter>
    </ClCompile>
  </ItemGroup>
</Project>